
Microsoft Visual Studio Solution File, Format Version 12.00
# Visual Studio Version 16
VisualStudioVersion = 16.0.30804.86
MinimumVisualStudioVersion = 10.0.40219.1
Project("{FAE04EC0-301F-11D3-BF4B-00C04F79EFBC}") = "SpecFlowPracticing", "SpecFlowPracticing\SpecFlowPracticing.csproj", "{52851E19-6FD2-4AEC-AFAB-99BF318E0564}"
EndProject
Global
	GlobalSection(SolutionConfigurationPlatforms) = preSolution
		Debug|Any CPU = Debug|Any CPU
		Release|Any CPU = Release|Any CPU
	EndGlobalSection
	GlobalSection(ProjectConfigurationPlatforms) = postSolution
		{52851E19-6FD2-4AEC-AFAB-99BF318E0564}.Debug|Any CPU.ActiveCfg = Debug|Any CPU
		{52851E19-6FD2-4AEC-AFAB-99BF318E0564}.Debug|Any CPU.Build.0 = Debug|Any CPU
		{52851E19-6FD2-4AEC-AFAB-99BF318E0564}.Release|Any CPU.ActiveCfg = Release|Any CPU
		{52851E19-6FD2-4AEC-AFAB-99BF318E0564}.Release|Any CPU.Build.0 = Release|Any CPU
	EndGlobalSection
	GlobalSection(SolutionProperties) = preSolution
		HideSolutionNode = FALSE
	EndGlobalSection
	GlobalSection(ExtensibilityGlobals) = postSolution
		SolutionGuid = {B2B8FBF8-418B-49CC-AC4C-1AA855DF347A}
	EndGlobalSection
EndGlobal
